// !$*UTF8*$!
{
	archiveVersion = 1;
	classes = {
	};
	objectVersion = 46;
	objects = {

/* Begin PBXBuildFile section */
		5193CECE246694EB0036C103 /* FirebaseManager.swift in Sources */ = {isa = PBXBuildFile; fileRef = 5193CECD246694EB0036C103 /* FirebaseManager.swift */; };
		5193CED1246696310036C103 /* Game.swift in Sources */ = {isa = PBXBuildFile; fileRef = 5193CED0246696310036C103 /* Game.swift */; };
		5193CED3246698D30036C103 /* AppDispatchables.swift in Sources */ = {isa = PBXBuildFile; fileRef = 5193CED2246698D30036C103 /* AppDispatchables.swift */; };
		5193CED524669AAC0036C103 /* JSONDictCodable.swift in Sources */ = {isa = PBXBuildFile; fileRef = 5193CED424669AAC0036C103 /* JSONDictCodable.swift */; };
		5193CED82466D0A00036C103 /* CreateGameView.swift in Sources */ = {isa = PBXBuildFile; fileRef = 5193CED72466D0A00036C103 /* CreateGameView.swift */; };
		5193CEDA2466D0AC0036C103 /* CreateGameVC.swift in Sources */ = {isa = PBXBuildFile; fileRef = 5193CED92466D0AC0036C103 /* CreateGameVC.swift */; };
		5193CEDD2466DAB70036C103 /* GameLogic.swift in Sources */ = {isa = PBXBuildFile; fileRef = 5193CEDC2466DAB70036C103 /* GameLogic.swift */; };
		5193CEDF2466DCC20036C103 /* LabelStyles.swift in Sources */ = {isa = PBXBuildFile; fileRef = 5193CEDE2466DCC20036C103 /* LabelStyles.swift */; };
		5193CEE32466DF0B0036C103 /* PlayerCell.swift in Sources */ = {isa = PBXBuildFile; fileRef = 5193CEE22466DF0B0036C103 /* PlayerCell.swift */; };
		5193CEE62466EB3C0036C103 /* JoinGameView.swift in Sources */ = {isa = PBXBuildFile; fileRef = 5193CEE52466EB3C0036C103 /* JoinGameView.swift */; };
		5193CEE82466ECAA0036C103 /* JoinGameVC.swift in Sources */ = {isa = PBXBuildFile; fileRef = 5193CEE72466ECAA0036C103 /* JoinGameVC.swift */; };
		5193CEEA2466EDC30036C103 /* KeyboardState.swift in Sources */ = {isa = PBXBuildFile; fileRef = 5193CEE92466EDC30036C103 /* KeyboardState.swift */; };
		5193CEEC2466EDF30036C103 /* KeyboardLogic.swift in Sources */ = {isa = PBXBuildFile; fileRef = 5193CEEB2466EDF30036C103 /* KeyboardLogic.swift */; };
		BF_099054743DA3D41A86CD9C9B1CE6C412 /* Assets.xcassets in Resources */ = {isa = PBXBuildFile; fileRef = FR_2C930500D59F2661812B1D99BBB53B7C /* Assets.xcassets */; };
		BF_208A0575126077B8D2723A99FB947DD6 /* AppNavigation.swift in Sources */ = {isa = PBXBuildFile; fileRef = FR_4C0FA3393DABE53268C4B8961AA59E40 /* AppNavigation.swift */; };
		BF_22A1830DB1901218BB17DE681EC229BC /* StartMenuVC.swift in Sources */ = {isa = PBXBuildFile; fileRef = FR_1D88970FA7AB857C487F62481933ECF8 /* StartMenuVC.swift */; };
		BF_548C37877F0159AC9614AFD0ACB1E815 /* ButtonStyles.swift in Sources */ = {isa = PBXBuildFile; fileRef = FR_68C9230F19FB054783E1B0C64DDD792F /* ButtonStyles.swift */; };
		BF_8710C75C6AFEEA0052BB111D912BA18C /* StartMenuView.swift in Sources */ = {isa = PBXBuildFile; fileRef = FR_D776357A3AB779DDDE5D9DD8ACA57CE9 /* StartMenuView.swift */; };
		BF_885FBCB451A24D0DB6AB2C65F2F2A14B /* AppDelegate.swift in Sources */ = {isa = PBXBuildFile; fileRef = FR_832B047FFA9B9C47525EA62ED21FADFF /* AppDelegate.swift */; };
		BF_943C31AA257B06823B4C67F57CEB6B80 /* TextStyles.swift in Sources */ = {isa = PBXBuildFile; fileRef = FR_F375B413EDAA461BD376A48D947225DD /* TextStyles.swift */; };
		BF_C6030359CD2730A26E7671B77C210588 /* AppState.swift in Sources */ = {isa = PBXBuildFile; fileRef = FR_F218910D011F5DBC182DD8EB6416A7FE /* AppState.swift */; };
		BF_E1A105CC1E4C6D7274C34A0ACE3405AA /* GoogleService-Info.plist in Resources */ = {isa = PBXBuildFile; fileRef = FR_943FB2D326B58AB8D7A767CCA9FA3A1A /* GoogleService-Info.plist */; };
		BF_E62B8E483DD688C60EB9AF1011A06ABF /* AppDependencies.swift in Sources */ = {isa = PBXBuildFile; fileRef = FR_FBD9CF86625AFAB03D30A8934A48F6DC /* AppDependencies.swift */; };
		BF_EF6495444722EAF23D4C9836176A5AA7 /* LaunchScreen.storyboard in Resources */ = {isa = PBXBuildFile; fileRef = VG_73496495819117970035125705D97309 /* LaunchScreen.storyboard */; };
		E80F457DE3187D7A764E95BA /* Pods_Lupus.framework in Frameworks */ = {isa = PBXBuildFile; fileRef = CC37C13071A5041536F78B5F /* Pods_Lupus.framework */; };
/* End PBXBuildFile section */

/* Begin PBXFileReference section */
		0F350EA2951193A6218F37B9 /* Pods-Lupus.debug.xcconfig */ = {isa = PBXFileReference; includeInIndex = 1; lastKnownFileType = text.xcconfig; name = "Pods-Lupus.debug.xcconfig"; path = "Target Support Files/Pods-Lupus/Pods-Lupus.debug.xcconfig"; sourceTree = "<group>"; };
		38903766C58DE92A5F28CD95 /* Pods-Lupus.release.xcconfig */ = {isa = PBXFileReference; includeInIndex = 1; lastKnownFileType = text.xcconfig; name = "Pods-Lupus.release.xcconfig"; path = "Target Support Files/Pods-Lupus/Pods-Lupus.release.xcconfig"; sourceTree = "<group>"; };
		5193CECD246694EB0036C103 /* FirebaseManager.swift */ = {isa = PBXFileReference; lastKnownFileType = sourcecode.swift; path = FirebaseManager.swift; sourceTree = "<group>"; };
		5193CED0246696310036C103 /* Game.swift */ = {isa = PBXFileReference; lastKnownFileType = sourcecode.swift; path = Game.swift; sourceTree = "<group>"; };
		5193CED2246698D30036C103 /* AppDispatchables.swift */ = {isa = PBXFileReference; lastKnownFileType = sourcecode.swift; path = AppDispatchables.swift; sourceTree = "<group>"; };
		5193CED424669AAC0036C103 /* JSONDictCodable.swift */ = {isa = PBXFileReference; lastKnownFileType = sourcecode.swift; path = JSONDictCodable.swift; sourceTree = "<group>"; };
		5193CED72466D0A00036C103 /* CreateGameView.swift */ = {isa = PBXFileReference; lastKnownFileType = sourcecode.swift; path = CreateGameView.swift; sourceTree = "<group>"; };
		5193CED92466D0AC0036C103 /* CreateGameVC.swift */ = {isa = PBXFileReference; lastKnownFileType = sourcecode.swift; path = CreateGameVC.swift; sourceTree = "<group>"; };
		5193CEDC2466DAB70036C103 /* GameLogic.swift */ = {isa = PBXFileReference; lastKnownFileType = sourcecode.swift; path = GameLogic.swift; sourceTree = "<group>"; };
		5193CEDE2466DCC20036C103 /* LabelStyles.swift */ = {isa = PBXFileReference; lastKnownFileType = sourcecode.swift; path = LabelStyles.swift; sourceTree = "<group>"; };
		5193CEE22466DF0B0036C103 /* PlayerCell.swift */ = {isa = PBXFileReference; lastKnownFileType = sourcecode.swift; path = PlayerCell.swift; sourceTree = "<group>"; };
		5193CEE52466EB3C0036C103 /* JoinGameView.swift */ = {isa = PBXFileReference; lastKnownFileType = sourcecode.swift; path = JoinGameView.swift; sourceTree = "<group>"; };
		5193CEE72466ECAA0036C103 /* JoinGameVC.swift */ = {isa = PBXFileReference; lastKnownFileType = sourcecode.swift; path = JoinGameVC.swift; sourceTree = "<group>"; };
		5193CEE92466EDC30036C103 /* KeyboardState.swift */ = {isa = PBXFileReference; lastKnownFileType = sourcecode.swift; path = KeyboardState.swift; sourceTree = "<group>"; };
		5193CEEB2466EDF30036C103 /* KeyboardLogic.swift */ = {isa = PBXFileReference; lastKnownFileType = sourcecode.swift; path = KeyboardLogic.swift; sourceTree = "<group>"; };
		CC37C13071A5041536F78B5F /* Pods_Lupus.framework */ = {isa = PBXFileReference; explicitFileType = wrapper.framework; includeInIndex = 0; path = Pods_Lupus.framework; sourceTree = BUILT_PRODUCTS_DIR; };
		FR_1D88970FA7AB857C487F62481933ECF8 /* StartMenuVC.swift */ = {isa = PBXFileReference; lastKnownFileType = sourcecode.swift; path = StartMenuVC.swift; sourceTree = "<group>"; };
		FR_2C930500D59F2661812B1D99BBB53B7C /* Assets.xcassets */ = {isa = PBXFileReference; lastKnownFileType = folder.assetcatalog; path = Assets.xcassets; sourceTree = "<group>"; };
		FR_4C0FA3393DABE53268C4B8961AA59E40 /* AppNavigation.swift */ = {isa = PBXFileReference; lastKnownFileType = sourcecode.swift; path = AppNavigation.swift; sourceTree = "<group>"; };
		FR_63A67BEEDC4B64E43CC50B1A06A0CC35 /* Base */ = {isa = PBXFileReference; lastKnownFileType = file.storyboard; name = Base; path = Base.lproj/LaunchScreen.storyboard; sourceTree = "<group>"; };
		FR_68C9230F19FB054783E1B0C64DDD792F /* ButtonStyles.swift */ = {isa = PBXFileReference; lastKnownFileType = sourcecode.swift; path = ButtonStyles.swift; sourceTree = "<group>"; };
		FR_832B047FFA9B9C47525EA62ED21FADFF /* AppDelegate.swift */ = {isa = PBXFileReference; lastKnownFileType = sourcecode.swift; path = AppDelegate.swift; sourceTree = "<group>"; };
		FR_943FB2D326B58AB8D7A767CCA9FA3A1A /* GoogleService-Info.plist */ = {isa = PBXFileReference; lastKnownFileType = text.plist.xml; path = "GoogleService-Info.plist"; sourceTree = "<group>"; };
		FR_D057DF8E255EB2DA583EA76D8CA37E5D /* Lupus.app */ = {isa = PBXFileReference; includeInIndex = 0; lastKnownFileType = wrapper.application; path = Lupus.app; sourceTree = BUILT_PRODUCTS_DIR; };
		FR_D776357A3AB779DDDE5D9DD8ACA57CE9 /* StartMenuView.swift */ = {isa = PBXFileReference; lastKnownFileType = sourcecode.swift; path = StartMenuView.swift; sourceTree = "<group>"; };
		FR_ECFBC5F58D59ECF318D52C8A31A3E051 /* Info.plist */ = {isa = PBXFileReference; lastKnownFileType = text.plist.xml; path = Info.plist; sourceTree = "<group>"; };
		FR_F218910D011F5DBC182DD8EB6416A7FE /* AppState.swift */ = {isa = PBXFileReference; lastKnownFileType = sourcecode.swift; path = AppState.swift; sourceTree = "<group>"; };
		FR_F375B413EDAA461BD376A48D947225DD /* TextStyles.swift */ = {isa = PBXFileReference; lastKnownFileType = sourcecode.swift; path = TextStyles.swift; sourceTree = "<group>"; };
		FR_FBD9CF86625AFAB03D30A8934A48F6DC /* AppDependencies.swift */ = {isa = PBXFileReference; lastKnownFileType = sourcecode.swift; path = AppDependencies.swift; sourceTree = "<group>"; };
/* End PBXFileReference section */

/* Begin PBXFrameworksBuildPhase section */
		AA82899BDE3C099B4725D822 /* Frameworks */ = {
			isa = PBXFrameworksBuildPhase;
			buildActionMask = 2147483647;
			files = (
				E80F457DE3187D7A764E95BA /* Pods_Lupus.framework in Frameworks */,
			);
			runOnlyForDeploymentPostprocessing = 0;
		};
/* End PBXFrameworksBuildPhase section */

/* Begin PBXGroup section */
		0701880D4F284205ACF16281 /* Pods */ = {
			isa = PBXGroup;
			children = (
				0F350EA2951193A6218F37B9 /* Pods-Lupus.debug.xcconfig */,
				38903766C58DE92A5F28CD95 /* Pods-Lupus.release.xcconfig */,
			);
			path = Pods;
			sourceTree = "<group>";
		};
		3E63D8291DF5C037533C57AB /* Frameworks */ = {
			isa = PBXGroup;
			children = (
				CC37C13071A5041536F78B5F /* Pods_Lupus.framework */,
			);
			name = Frameworks;
			sourceTree = "<group>";
		};
		5193CECF246696240036C103 /* Models */ = {
			isa = PBXGroup;
			children = (
				5193CED0246696310036C103 /* Game.swift */,
				5193CED424669AAC0036C103 /* JSONDictCodable.swift */,
			);
			path = Models;
			sourceTree = "<group>";
		};
		5193CED62466D0910036C103 /* CreateGame */ = {
			isa = PBXGroup;
			children = (
				5193CEE22466DF0B0036C103 /* PlayerCell.swift */,
				5193CED72466D0A00036C103 /* CreateGameView.swift */,
				5193CED92466D0AC0036C103 /* CreateGameVC.swift */,
			);
			path = CreateGame;
			sourceTree = "<group>";
		};
		5193CEDB2466DAAB0036C103 /* Logic */ = {
			isa = PBXGroup;
			children = (
				5193CEDC2466DAB70036C103 /* GameLogic.swift */,
				5193CEEB2466EDF30036C103 /* KeyboardLogic.swift */,
			);
			path = Logic;
			sourceTree = "<group>";
		};
		5193CEE42466EB310036C103 /* JoinGame */ = {
			isa = PBXGroup;
			children = (
				5193CEE52466EB3C0036C103 /* JoinGameView.swift */,
				5193CEE72466ECAA0036C103 /* JoinGameVC.swift */,
			);
			path = JoinGame;
			sourceTree = "<group>";
		};
		G_310B4B0E98EDC5FF7FE9D600FDAF5BC1 /* Products */ = {
			isa = PBXGroup;
			children = (
				FR_D057DF8E255EB2DA583EA76D8CA37E5D /* Lupus.app */,
			);
			name = Products;
			sourceTree = "<group>";
		};
		G_4A05DCC4358A6A2BBD12B6DA0D6627A5 /* UI */ = {
			isa = PBXGroup;
			children = (
				5193CEE42466EB310036C103 /* JoinGame */,
				5193CED62466D0910036C103 /* CreateGame */,
				G_5B36FDF9820993ECCDB2F07204961170 /* Shared */,
				G_590C5DC215A01D61F617A16F54422D7C /* StartMenu */,
			);
			path = UI;
			sourceTree = "<group>";
		};
		G_5793EF2299606E850B3027C3AF2782B6 = {
			isa = PBXGroup;
			children = (
				G_8BA7BCB7FC19CDBE93B141393F988DBD /* Lupus */,
				G_310B4B0E98EDC5FF7FE9D600FDAF5BC1 /* Products */,
				0701880D4F284205ACF16281 /* Pods */,
				3E63D8291DF5C037533C57AB /* Frameworks */,
			);
			sourceTree = "<group>";
		};
		G_590C5DC215A01D61F617A16F54422D7C /* StartMenu */ = {
			isa = PBXGroup;
			children = (
				FR_1D88970FA7AB857C487F62481933ECF8 /* StartMenuVC.swift */,
				FR_D776357A3AB779DDDE5D9DD8ACA57CE9 /* StartMenuView.swift */,
			);
			path = StartMenu;
			sourceTree = "<group>";
		};
		G_5B36FDF9820993ECCDB2F07204961170 /* Shared */ = {
			isa = PBXGroup;
			children = (
				FR_68C9230F19FB054783E1B0C64DDD792F /* ButtonStyles.swift */,
				FR_F375B413EDAA461BD376A48D947225DD /* TextStyles.swift */,
				5193CEDE2466DCC20036C103 /* LabelStyles.swift */,
			);
			path = Shared;
			sourceTree = "<group>";
		};
		G_8BA7BCB7FC19CDBE93B141393F988DBD /* Lupus */ = {
			isa = PBXGroup;
			children = (
				5193CEDB2466DAAB0036C103 /* Logic */,
				5193CECF246696240036C103 /* Models */,
				FR_ECFBC5F58D59ECF318D52C8A31A3E051 /* Info.plist */,
				G_DC506E2B83502D78C0E59E7DD1138CA8 /* Application */,
				G_F641A3827FE042DA84D4392DF1DF6545 /* Dependencies */,
				G_AA9B4F98FEF01BB628FB824E2FF59E93 /* Resources */,
				G_9B9A3F6341F4DF212FC9F3EFA8EB5A60 /* State */,
				G_4A05DCC4358A6A2BBD12B6DA0D6627A5 /* UI */,
			);
			path = Lupus;
			sourceTree = "<group>";
		};
		G_9B9A3F6341F4DF212FC9F3EFA8EB5A60 /* State */ = {
			isa = PBXGroup;
			children = (
				FR_F218910D011F5DBC182DD8EB6416A7FE /* AppState.swift */,
				5193CEE92466EDC30036C103 /* KeyboardState.swift */,
			);
			path = State;
			sourceTree = "<group>";
		};
		G_AA9B4F98FEF01BB628FB824E2FF59E93 /* Resources */ = {
			isa = PBXGroup;
			children = (
				FR_2C930500D59F2661812B1D99BBB53B7C /* Assets.xcassets */,
				FR_943FB2D326B58AB8D7A767CCA9FA3A1A /* GoogleService-Info.plist */,
				VG_73496495819117970035125705D97309 /* LaunchScreen.storyboard */,
			);
			path = Resources;
			sourceTree = "<group>";
		};
		G_DC506E2B83502D78C0E59E7DD1138CA8 /* Application */ = {
			isa = PBXGroup;
			children = (
				FR_832B047FFA9B9C47525EA62ED21FADFF /* AppDelegate.swift */,
				FR_4C0FA3393DABE53268C4B8961AA59E40 /* AppNavigation.swift */,
				5193CED2246698D30036C103 /* AppDispatchables.swift */,
			);
			path = Application;
			sourceTree = "<group>";
		};
		G_F641A3827FE042DA84D4392DF1DF6545 /* Dependencies */ = {
			isa = PBXGroup;
			children = (
				FR_FBD9CF86625AFAB03D30A8934A48F6DC /* AppDependencies.swift */,
				5193CECD246694EB0036C103 /* FirebaseManager.swift */,
			);
			path = Dependencies;
			sourceTree = "<group>";
		};
/* End PBXGroup section */

/* Begin PBXNativeTarget section */
		NT_92F46537B90319146E4117FC6DA28D68 /* Lupus */ = {
			isa = PBXNativeTarget;
			buildConfigurationList = CL_6825CCD70E38D3DFD6FB8B2EC9A66915 /* Build configuration list for PBXNativeTarget "Lupus" */;
			buildPhases = (
				35412C276467541AD7A221EF /* [CP] Check Pods Manifest.lock */,
				SBP_1D7334FE30D3DB51F47C634FA33807BE /* Sources */,
				RBP_FF60D3EF7AD314EC629D0D29A39F7F63 /* Resources */,
				AA82899BDE3C099B4725D822 /* Frameworks */,
				65CA9416300D840C5A584454 /* [CP] Embed Pods Frameworks */,
			);
			buildRules = (
			);
			dependencies = (
			);
			name = Lupus;
			productName = Lupus;
			productReference = FR_D057DF8E255EB2DA583EA76D8CA37E5D /* Lupus.app */;
			productType = "com.apple.product-type.application";
		};
/* End PBXNativeTarget section */

/* Begin PBXProject section */
		P_102B211C1D235BFE6FE89281B11F5D66 /* Project object */ = {
			isa = PBXProject;
			attributes = {
				LastUpgradeCheck = 1000;
			};
			buildConfigurationList = CL_781E93ECE2D6BD88C9658B9D4BB0EAA8 /* Build configuration list for PBXProject "Lupus" */;
			compatibilityVersion = "Xcode 3.2";
			developmentRegion = en;
			hasScannedForEncodings = 0;
			knownRegions = (
				en,
				Base,
			);
			mainGroup = G_5793EF2299606E850B3027C3AF2782B6;
			productRefGroup = G_310B4B0E98EDC5FF7FE9D600FDAF5BC1 /* Products */;
			projectDirPath = "";
			projectRoot = "";
			targets = (
				NT_92F46537B90319146E4117FC6DA28D68 /* Lupus */,
			);
		};
/* End PBXProject section */

/* Begin PBXResourcesBuildPhase section */
		RBP_FF60D3EF7AD314EC629D0D29A39F7F63 /* Resources */ = {
			isa = PBXResourcesBuildPhase;
			buildActionMask = 2147483647;
			files = (
				BF_099054743DA3D41A86CD9C9B1CE6C412 /* Assets.xcassets in Resources */,
				BF_E1A105CC1E4C6D7274C34A0ACE3405AA /* GoogleService-Info.plist in Resources */,
				BF_EF6495444722EAF23D4C9836176A5AA7 /* LaunchScreen.storyboard in Resources */,
			);
			runOnlyForDeploymentPostprocessing = 0;
		};
/* End PBXResourcesBuildPhase section */

/* Begin PBXShellScriptBuildPhase section */
		35412C276467541AD7A221EF /* [CP] Check Pods Manifest.lock */ = {
			isa = PBXShellScriptBuildPhase;
			buildActionMask = 2147483647;
			files = (
			);
			inputFileListPaths = (
			);
			inputPaths = (
				"${PODS_PODFILE_DIR_PATH}/Podfile.lock",
				"${PODS_ROOT}/Manifest.lock",
			);
			name = "[CP] Check Pods Manifest.lock";
			outputFileListPaths = (
			);
			outputPaths = (
				"$(DERIVED_FILE_DIR)/Pods-Lupus-checkManifestLockResult.txt",
			);
			runOnlyForDeploymentPostprocessing = 0;
			shellPath = /bin/sh;
			shellScript = "diff \"${PODS_PODFILE_DIR_PATH}/Podfile.lock\" \"${PODS_ROOT}/Manifest.lock\" > /dev/null\nif [ $? != 0 ] ; then\n    # print error to STDERR\n    echo \"error: The sandbox is not in sync with the Podfile.lock. Run 'pod install' or update your CocoaPods installation.\" >&2\n    exit 1\nfi\n# This output is used by Xcode 'outputs' to avoid re-running this script phase.\necho \"SUCCESS\" > \"${SCRIPT_OUTPUT_FILE_0}\"\n";
			showEnvVarsInLog = 0;
		};
		65CA9416300D840C5A584454 /* [CP] Embed Pods Frameworks */ = {
			isa = PBXShellScriptBuildPhase;
			buildActionMask = 2147483647;
			files = (
			);
			inputPaths = (
				"${PODS_ROOT}/Target Support Files/Pods-Lupus/Pods-Lupus-frameworks.sh",
				"${BUILT_PRODUCTS_DIR}/BonMot/BonMot.framework",
				"${BUILT_PRODUCTS_DIR}/BoringSSL-GRPC/openssl_grpc.framework",
				"${BUILT_PRODUCTS_DIR}/GoogleUtilities/GoogleUtilities.framework",
				"${BUILT_PRODUCTS_DIR}/HydraAsync/Hydra.framework",
				"${BUILT_PRODUCTS_DIR}/Katana/Katana.framework",
				"${BUILT_PRODUCTS_DIR}/PinLayout/PinLayout.framework",
				"${BUILT_PRODUCTS_DIR}/PromisesObjC/FBLPromises.framework",
				"${BUILT_PRODUCTS_DIR}/Tempura/Tempura.framework",
				"${BUILT_PRODUCTS_DIR}/abseil/absl.framework",
				"${BUILT_PRODUCTS_DIR}/gRPC-C++/grpcpp.framework",
				"${BUILT_PRODUCTS_DIR}/gRPC-Core/grpc.framework",
				"${BUILT_PRODUCTS_DIR}/leveldb-library/leveldb.framework",
				"${BUILT_PRODUCTS_DIR}/nanopb/nanopb.framework",
			);
			name = "[CP] Embed Pods Frameworks";
			outputPaths = (
				"${TARGET_BUILD_DIR}/${FRAMEWORKS_FOLDER_PATH}/BonMot.framework",
				"${TARGET_BUILD_DIR}/${FRAMEWORKS_FOLDER_PATH}/openssl_grpc.framework",
				"${TARGET_BUILD_DIR}/${FRAMEWORKS_FOLDER_PATH}/GoogleUtilities.framework",
				"${TARGET_BUILD_DIR}/${FRAMEWORKS_FOLDER_PATH}/Hydra.framework",
				"${TARGET_BUILD_DIR}/${FRAMEWORKS_FOLDER_PATH}/Katana.framework",
				"${TARGET_BUILD_DIR}/${FRAMEWORKS_FOLDER_PATH}/PinLayout.framework",
				"${TARGET_BUILD_DIR}/${FRAMEWORKS_FOLDER_PATH}/FBLPromises.framework",
				"${TARGET_BUILD_DIR}/${FRAMEWORKS_FOLDER_PATH}/Tempura.framework",
				"${TARGET_BUILD_DIR}/${FRAMEWORKS_FOLDER_PATH}/absl.framework",
				"${TARGET_BUILD_DIR}/${FRAMEWORKS_FOLDER_PATH}/grpcpp.framework",
				"${TARGET_BUILD_DIR}/${FRAMEWORKS_FOLDER_PATH}/grpc.framework",
				"${TARGET_BUILD_DIR}/${FRAMEWORKS_FOLDER_PATH}/leveldb.framework",
				"${TARGET_BUILD_DIR}/${FRAMEWORKS_FOLDER_PATH}/nanopb.framework",
			);
			runOnlyForDeploymentPostprocessing = 0;
			shellPath = /bin/sh;
			shellScript = "\"${PODS_ROOT}/Target Support Files/Pods-Lupus/Pods-Lupus-frameworks.sh\"\n";
			showEnvVarsInLog = 0;
		};
/* End PBXShellScriptBuildPhase section */

/* Begin PBXSourcesBuildPhase section */
		SBP_1D7334FE30D3DB51F47C634FA33807BE /* Sources */ = {
			isa = PBXSourcesBuildPhase;
			buildActionMask = 2147483647;
			files = (
				5193CEDF2466DCC20036C103 /* LabelStyles.swift in Sources */,
				BF_885FBCB451A24D0DB6AB2C65F2F2A14B /* AppDelegate.swift in Sources */,
				5193CED1246696310036C103 /* Game.swift in Sources */,
				5193CED3246698D30036C103 /* AppDispatchables.swift in Sources */,
				5193CEDD2466DAB70036C103 /* GameLogic.swift in Sources */,
				BF_E62B8E483DD688C60EB9AF1011A06ABF /* AppDependencies.swift in Sources */,
				5193CED524669AAC0036C103 /* JSONDictCodable.swift in Sources */,
				BF_208A0575126077B8D2723A99FB947DD6 /* AppNavigation.swift in Sources */,
				5193CED82466D0A00036C103 /* CreateGameView.swift in Sources */,
				5193CEE82466ECAA0036C103 /* JoinGameVC.swift in Sources */,
				5193CECE246694EB0036C103 /* FirebaseManager.swift in Sources */,
				5193CEEC2466EDF30036C103 /* KeyboardLogic.swift in Sources */,
				5193CEDA2466D0AC0036C103 /* CreateGameVC.swift in Sources */,
				5193CEEA2466EDC30036C103 /* KeyboardState.swift in Sources */,
				BF_C6030359CD2730A26E7671B77C210588 /* AppState.swift in Sources */,
				5193CEE32466DF0B0036C103 /* PlayerCell.swift in Sources */,
				BF_548C37877F0159AC9614AFD0ACB1E815 /* ButtonStyles.swift in Sources */,
				BF_22A1830DB1901218BB17DE681EC229BC /* StartMenuVC.swift in Sources */,
				BF_8710C75C6AFEEA0052BB111D912BA18C /* StartMenuView.swift in Sources */,
				5193CEE62466EB3C0036C103 /* JoinGameView.swift in Sources */,
				BF_943C31AA257B06823B4C67F57CEB6B80 /* TextStyles.swift in Sources */,
			);
			runOnlyForDeploymentPostprocessing = 0;
		};
/* End PBXSourcesBuildPhase section */

/* Begin PBXVariantGroup section */
		VG_73496495819117970035125705D97309 /* LaunchScreen.storyboard */ = {
			isa = PBXVariantGroup;
			children = (
				FR_63A67BEEDC4B64E43CC50B1A06A0CC35 /* Base */,
			);
			name = LaunchScreen.storyboard;
			sourceTree = "<group>";
		};
/* End PBXVariantGroup section */

/* Begin XCBuildConfiguration section */
		BC_2FFA2DD980C7892A270B24D2A3613EB5 /* Release */ = {
			isa = XCBuildConfiguration;
			buildSettings = {
				ALWAYS_SEARCH_USER_PATHS = NO;
				CLANG_ANALYZER_NONNULL = YES;
				CLANG_ANALYZER_NUMBER_OBJECT_CONVERSION = YES_AGGRESSIVE;
				CLANG_CXX_LANGUAGE_STANDARD = "gnu++14";
				CLANG_CXX_LIBRARY = "libc++";
				CLANG_ENABLE_MODULES = YES;
				CLANG_ENABLE_OBJC_ARC = YES;
				CLANG_WARN_BLOCK_CAPTURE_AUTORELEASING = YES;
				CLANG_WARN_BOOL_CONVERSION = YES;
				CLANG_WARN_COMMA = YES;
				CLANG_WARN_CONSTANT_CONVERSION = YES;
				CLANG_WARN_DEPRECATED_OBJC_IMPLEMENTATIONS = YES;
				CLANG_WARN_DIRECT_OBJC_ISA_USAGE = YES_ERROR;
				CLANG_WARN_DOCUMENTATION_COMMENTS = YES;
				CLANG_WARN_EMPTY_BODY = YES;
				CLANG_WARN_ENUM_CONVERSION = YES;
				CLANG_WARN_INFINITE_RECURSION = YES;
				CLANG_WARN_INT_CONVERSION = YES;
				CLANG_WARN_NON_LITERAL_NULL_CONVERSION = YES;
				CLANG_WARN_OBJC_IMPLICIT_RETAIN_SELF = YES;
				CLANG_WARN_OBJC_LITERAL_CONVERSION = YES;
				CLANG_WARN_OBJC_ROOT_CLASS = YES_ERROR;
				CLANG_WARN_RANGE_LOOP_ANALYSIS = YES;
				CLANG_WARN_STRICT_PROTOTYPES = YES;
				CLANG_WARN_SUSPICIOUS_MOVE = YES;
				CLANG_WARN_UNGUARDED_AVAILABILITY = YES_AGGRESSIVE;
				CLANG_WARN_UNREACHABLE_CODE = YES;
				CLANG_WARN__DUPLICATE_METHOD_MATCH = YES;
				COPY_PHASE_STRIP = NO;
				DEBUG_INFORMATION_FORMAT = "dwarf-with-dsym";
				ENABLE_NS_ASSERTIONS = NO;
				ENABLE_STRICT_OBJC_MSGSEND = YES;
				GCC_C_LANGUAGE_STANDARD = gnu11;
				GCC_NO_COMMON_BLOCKS = YES;
				GCC_WARN_64_TO_32_BIT_CONVERSION = YES;
				GCC_WARN_ABOUT_RETURN_TYPE = YES_ERROR;
				GCC_WARN_UNDECLARED_SELECTOR = YES;
				GCC_WARN_UNINITIALIZED_AUTOS = YES_AGGRESSIVE;
				GCC_WARN_UNUSED_FUNCTION = YES;
				GCC_WARN_UNUSED_VARIABLE = YES;
				PRODUCT_NAME = "$(TARGET_NAME)";
				SDKROOT = iphoneos;
				SWIFT_OPTIMIZATION_LEVEL = "-Owholemodule";
				SWIFT_VERSION = 4.2;
				VALIDATE_PRODUCT = YES;
			};
			name = Release;
		};
		BC_83885DFEAF584C0474BB23ED7436F075 /* Debug */ = {
			isa = XCBuildConfiguration;
			buildSettings = {
				ALWAYS_SEARCH_USER_PATHS = NO;
				CLANG_ANALYZER_NONNULL = YES;
				CLANG_ANALYZER_NUMBER_OBJECT_CONVERSION = YES_AGGRESSIVE;
				CLANG_CXX_LANGUAGE_STANDARD = "gnu++14";
				CLANG_CXX_LIBRARY = "libc++";
				CLANG_ENABLE_MODULES = YES;
				CLANG_ENABLE_OBJC_ARC = YES;
				CLANG_WARN_BLOCK_CAPTURE_AUTORELEASING = YES;
				CLANG_WARN_BOOL_CONVERSION = YES;
				CLANG_WARN_COMMA = YES;
				CLANG_WARN_CONSTANT_CONVERSION = YES;
				CLANG_WARN_DEPRECATED_OBJC_IMPLEMENTATIONS = YES;
				CLANG_WARN_DIRECT_OBJC_ISA_USAGE = YES_ERROR;
				CLANG_WARN_DOCUMENTATION_COMMENTS = YES;
				CLANG_WARN_EMPTY_BODY = YES;
				CLANG_WARN_ENUM_CONVERSION = YES;
				CLANG_WARN_INFINITE_RECURSION = YES;
				CLANG_WARN_INT_CONVERSION = YES;
				CLANG_WARN_NON_LITERAL_NULL_CONVERSION = YES;
				CLANG_WARN_OBJC_IMPLICIT_RETAIN_SELF = YES;
				CLANG_WARN_OBJC_LITERAL_CONVERSION = YES;
				CLANG_WARN_OBJC_ROOT_CLASS = YES_ERROR;
				CLANG_WARN_RANGE_LOOP_ANALYSIS = YES;
				CLANG_WARN_STRICT_PROTOTYPES = YES;
				CLANG_WARN_SUSPICIOUS_MOVE = YES;
				CLANG_WARN_UNGUARDED_AVAILABILITY = YES_AGGRESSIVE;
				CLANG_WARN_UNREACHABLE_CODE = YES;
				CLANG_WARN__DUPLICATE_METHOD_MATCH = YES;
				COPY_PHASE_STRIP = NO;
				DEBUG_INFORMATION_FORMAT = dwarf;
				ENABLE_STRICT_OBJC_MSGSEND = YES;
				ENABLE_TESTABILITY = YES;
				GCC_C_LANGUAGE_STANDARD = gnu11;
				GCC_DYNAMIC_NO_PIC = NO;
				GCC_NO_COMMON_BLOCKS = YES;
				GCC_OPTIMIZATION_LEVEL = 0;
				GCC_PREPROCESSOR_DEFINITIONS = (
					"$(inherited)",
					"DEBUG=1",
				);
				GCC_WARN_64_TO_32_BIT_CONVERSION = YES;
				GCC_WARN_ABOUT_RETURN_TYPE = YES_ERROR;
				GCC_WARN_UNDECLARED_SELECTOR = YES;
				GCC_WARN_UNINITIALIZED_AUTOS = YES_AGGRESSIVE;
				GCC_WARN_UNUSED_FUNCTION = YES;
				GCC_WARN_UNUSED_VARIABLE = YES;
				MTL_ENABLE_DEBUG_INFO = YES;
				ONLY_ACTIVE_ARCH = YES;
				PRODUCT_NAME = "$(TARGET_NAME)";
				SDKROOT = iphoneos;
				SWIFT_ACTIVE_COMPILATION_CONDITIONS = DEBUG;
				SWIFT_OPTIMIZATION_LEVEL = "-Onone";
				SWIFT_VERSION = 4.2;
			};
			name = Debug;
		};
		BC_BC8FC17B9AF62CD62C3F66B6B2729E45 /* Release */ = {
			isa = XCBuildConfiguration;
			baseConfigurationReference = 38903766C58DE92A5F28CD95 /* Pods-Lupus.release.xcconfig */;
			buildSettings = {
				ALWAYS_EMBED_SWIFT_STANDARD_LIBRARIES = YES;
				ASSETCATALOG_COMPILER_APPICON_NAME = AppIcon;
				CODE_SIGN_IDENTITY = "iPhone Developer";
				INFOPLIST_FILE = Lupus/Info.plist;
				IPHONEOS_DEPLOYMENT_TARGET = 12.0;
				LD_RUNPATH_SEARCH_PATHS = "$(inherited) @executable_path/Frameworks";
				PRODUCT_BUNDLE_IDENTIFIER = org.homiedev.Lupus;
				SDKROOT = iphoneos;
				TARGETED_DEVICE_FAMILY = "1,2";
			};
			name = Release;
		};
		BC_E76629B3846975E597D516044AE0B2F4 /* Debug */ = {
			isa = XCBuildConfiguration;
			baseConfigurationReference = 0F350EA2951193A6218F37B9 /* Pods-Lupus.debug.xcconfig */;
			buildSettings = {
				ALWAYS_EMBED_SWIFT_STANDARD_LIBRARIES = YES;
				ASSETCATALOG_COMPILER_APPICON_NAME = AppIcon;
				CODE_SIGN_IDENTITY = "iPhone Developer";
				INFOPLIST_FILE = Lupus/Info.plist;
				IPHONEOS_DEPLOYMENT_TARGET = 12.0;
				LD_RUNPATH_SEARCH_PATHS = "$(inherited) @executable_path/Frameworks";
				PRODUCT_BUNDLE_IDENTIFIER = org.homiedev.Lupus;
				SDKROOT = iphoneos;
				TARGETED_DEVICE_FAMILY = "1,2";
			};
			name = Debug;
		};
/* End XCBuildConfiguration section */

/* Begin XCConfigurationList section */
		CL_6825CCD70E38D3DFD6FB8B2EC9A66915 /* Build configuration list for PBXNativeTarget "Lupus" */ = {
			isa = XCConfigurationList;
			buildConfigurations = (
				BC_E76629B3846975E597D516044AE0B2F4 /* Debug */,
				BC_BC8FC17B9AF62CD62C3F66B6B2729E45 /* Release */,
			);
			defaultConfigurationIsVisible = 0;
			defaultConfigurationName = "";
		};
		CL_781E93ECE2D6BD88C9658B9D4BB0EAA8 /* Build configuration list for PBXProject "Lupus" */ = {
			isa = XCConfigurationList;
			buildConfigurations = (
				BC_83885DFEAF584C0474BB23ED7436F075 /* Debug */,
				BC_2FFA2DD980C7892A270B24D2A3613EB5 /* Release */,
			);
			defaultConfigurationIsVisible = 0;
			defaultConfigurationName = Debug;
		};
/* End XCConfigurationList section */
	};
	rootObject = P_102B211C1D235BFE6FE89281B11F5D66 /* Project object */;
}
